hash: 090bdff92f373cceb124ac41b730a53a0456fd834242a32f3aa4e537f31f4560
updated: 2019-09-02T19:18:14.397386+08:00
imports:
- name: github.com/apache/thrift
  version: a715f701bf4850b41b7f3fa016d16a9153319e1e
  subpackages:
  - lib/go/thrift
- name: github.com/BurntSushi/toml
  version: 99064174e013895bbd9b025c31100bd1d9b590ca
- name: github.com/coreos/etcd
  version: 898bd1351fcf6e0ebce8d7c8bbbbf3f3e42aa42c
  subpackages:
  - clientv3
  - clientv3/naming
- name: github.com/coreos/go-systemd
  version: fd7a80b32e1fc73e890fde45604ed5009dc817a3
  subpackages:
  - journal
- name: github.com/coreos/pkg
  version: 399ea9e2e55f791b6e3d920860dbecb99c3692f0
  subpackages:
  - capnslog
- name: github.com/DataDog/zstd
  version: 2347a397da4ee9c6b8226d4aff82c302d0e52773
- name: github.com/davecgh/go-spew
  version: d8f796af33cc11cb798c1aaeb27a4ebc5099927d
  subpackages:
  - spew
- name: github.com/eapache/go-resiliency
  version: b98ce2825f7276cc41027348986a241ef5d62fd8
  subpackages:
  - breaker
- name: github.com/eapache/go-xerial-snappy
  version: 776d5712da21bc4762676d614db1d8a64f4238b0
- name: github.com/eapache/queue
  version: 093482f3f8ce946c05bcba64badd2c82369e084d
- name: github.com/evalphobia/logrus_fluent
  version: 621d68bf8fabde59e8e1b7e612e82a4f1fc56301
- name: github.com/fluent/fluent-logger-golang
  version: cca4fbf5ca88be2681a15bef44f65864c54ae7ee
  subpackages:
  - fluent
- name: github.com/go-logfmt/logfmt
  version: 07c9b44f60d7ffdfb7d8efe1ad539965737836dc
- name: github.com/go-sql-driver/mysql
  version: 665b83488b90b902ce0a305ef6652e599771cdf9
- name: github.com/gogo/protobuf
  version: 342cbe0a04158f6dcb03ca0079991a51a4248c02
  subpackages:
  - gogoproto
  - proto
  - protoc-gen-gogo/descriptor
- name: github.com/golang/mock
  version: 9fa652df1129bef0e734c9cf9bf6dbae9ef3b9fa
  subpackages:
  - gomock
- name: github.com/golang/protobuf
  version: 6c65a5562fc06764971b7c5d05c76c75e84bdbf7
  subpackages:
  - jsonpb
  - proto
  - ptypes
  - ptypes/any
  - ptypes/duration
  - ptypes/struct
  - ptypes/timestamp
- name: github.com/golang/snappy
  version: 2a8bb927dd31d8daada140a5d09578521ce5c36a
- name: github.com/google/uuid
  version: c2e93f3ae59f2904160ceaab466009f965df46d6
- name: github.com/grpc-ecosystem/go-grpc-middleware
  version: 7b2a5baba669586cf5c78192e8036a42b2e42a5e
  subpackages:
  - logging
  - logging/logrus
  - logging/logrus/ctxlogrus
  - recovery
  - tags
  - tags/logrus
  - tracing/opentracing
  - util/metautils
- name: github.com/hashicorp/go-uuid
  version: 4f571afc59f3043a65f8fe6bf46d887b10a01d43
- name: github.com/inconshreveable/mousetrap
  version: 76626ae9c91c4f2a10f34cad8ce83ea42c93bb75
- name: github.com/jcmturner/gofork
  version: dc7c13fece037a4a36e2b3c69db4991498d30692
  subpackages:
  - encoding/asn1
  - x/crypto/pbkdf2
- name: github.com/jinzhu/gorm
  version: 2a3ab99a081dc14b29dfd4df42d4c59ba1814d21
- name: github.com/jinzhu/inflection
  version: f5c5f50e6090ae76a29240b61ae2a90dd810112e
- name: github.com/kr/logfmt
  version: b84e30acd515aadc4b783ad4ff83aff3299bdfe0
- name: github.com/opentracing-contrib/go-observer
  version: a52f2342449246d5bcc273e65cbdcfa5f7d6c63c
- name: github.com/opentracing/opentracing-go
  version: 659c90643e714681897ec2521c60567dd21da733
  subpackages:
  - ext
  - log
- name: github.com/openzipkin-contrib/zipkin-go-opentracing
  version: f0f479ad013a498e4cbfb369414e5d3880903779
  subpackages:
  - flag
  - thrift/gen-go/scribe
  - thrift/gen-go/zipkincore
  - types
  - wire
- name: github.com/philhofer/fwd
  version: bb6d471dc95d4fe11e432687f8b70ff496cf3136
- name: github.com/pierrec/lz4
  version: 21241797f8cd81af1b8dde3323c6f805799d053e
  subpackages:
  - internal/xxh32
- name: github.com/pkg/errors
  version: 248dadf4e9068a0b3e79f02ed0a610d935de5302
- name: github.com/rcrowley/go-metrics
  version: e2704e165165ec55d062f5919b4b29494e9fa790
- name: github.com/satori/go.uuid
  version: b061729afc07e77a8aa4fad0a2fd840958f1942a
- name: github.com/Shopify/sarama
  version: ed36e5f0a6e9b7a10233e51b67f4a4d435b3bcca
- name: github.com/shopspring/decimal
  version: d6f52241f332c63811249bd79a522406bea1a7c9
- name: github.com/sirupsen/logrus
  version: f006c2ac4710855cf0f916dd6b77acf6b048dc6e
- name: github.com/spf13/cobra
  version: 9495bc009a56819bdb0ddbc1a373e29c140bc674
- name: github.com/spf13/pflag
  version: e57e3eeb33f795204c1ca35f56c44f83227c6e66
- name: github.com/tinylib/msgp
  version: efe20429c9b7b2a358aba9ba2d40ad56d966ce00
  subpackages:
  - msgp
- name: go.etcd.io/etcd
  version: 14624b7d642d357eac5f1cbe46271e790d68177b
  subpackages:
  - auth/authpb
  - clientv3
  - clientv3/balancer
  - clientv3/balancer/connectivity
  - clientv3/balancer/picker
  - clientv3/balancer/resolver/endpoint
  - clientv3/credentials
  - etcdserver/api/v3rpc/rpctypes
  - etcdserver/etcdserverpb
  - mvcc/mvccpb
  - pkg/logutil
  - pkg/systemd
  - pkg/types
  - raft
  - raft/confchange
  - raft/quorum
  - raft/raftpb
  - raft/tracker
- name: go.uber.org/atomic
  version: df976f2515e274675050de7b3f42545de80594fd
- name: go.uber.org/multierr
  version: 3c4937480c32f4c13a875a1829af76c98ca3d40a
- name: go.uber.org/zap
  version: 35aad584952c3e7020db7b839f6b102de6271f89
  subpackages:
  - buffer
  - internal/bufferpool
  - internal/color
  - internal/exit
  - zapcore
- name: golang.org/x/crypto
  version: 9419663f5a44be8b34ca85f08abc5fe1be11f8a3
  subpackages:
  - md4
  - pbkdf2
  - ssh/terminal
- name: golang.org/x/net
  version: 66aacef3dd8a676686c7ae3716979581e8b03c47
  subpackages:
  - context
  - http2
  - http2/hpack
  - idna
  - internal/timeseries
  - lex/httplex
  - proxy
  - trace
- name: golang.org/x/sys
  version: 1c9583448a9c3aa0f9a6a5241bf73c0bd8aafded
  subpackages:
  - unix
  - windows
- name: golang.org/x/text
  version: b19bf474d317b857955b12035d2c5acb57ce8b01
  subpackages:
  - secure/bidirule
  - transform
  - unicode/bidi
  - unicode/norm
- name: google.golang.org/genproto
  version: 694d95ba50e67b2e363f3483057db5d4910c18f9
  subpackages:
  - googleapis/rpc/status
- name: google.golang.org/grpc
  version: 6eaf6f47437a6b4e2153a190160ef39a92c7eceb
  subpackages:
  - balancer
  - balancer/base
  - balancer/roundrobin
  - binarylog/grpc_binarylog_v1
  - codes
  - connectivity
  - credentials
  - credentials/internal
  - encoding
  - encoding/proto
  - grpclog
  - internal
  - internal/backoff
  - internal/balancerload
  - internal/binarylog
  - internal/channelz
  - internal/envconfig
  - internal/grpcrand
  - internal/grpcsync
  - internal/syscall
  - internal/transport
  - keepalive
  - metadata
  - naming
  - peer
  - resolver
  - resolver/dns
  - resolver/passthrough
  - serviceconfig
  - stats
  - status
  - tap
- name: gopkg.in/jcmturner/aescts.v1
  version: f6abebb3171c4c1b1fea279cb7c7325020a26290
- name: gopkg.in/jcmturner/dnsutils.v1
  version: 13eeb8d49ffb74d7a75784c35e4d900607a3943c
- name: gopkg.in/jcmturner/gokrb5.v7
  version: 363118e62befa8a14ff01031c025026077fe5d6d
  subpackages:
  - asn1tools
  - client
  - config
  - credentials
  - crypto
  - crypto/common
  - crypto/etype
  - crypto/rfc3961
  - crypto/rfc3962
  - crypto/rfc4757
  - crypto/rfc8009
  - gssapi
  - iana
  - iana/addrtype
  - iana/adtype
  - iana/asnAppTag
  - iana/chksumtype
  - iana/errorcode
  - iana/etypeID
  - iana/flags
  - iana/keyusage
  - iana/msgtype
  - iana/nametype
  - iana/patype
  - kadmin
  - keytab
  - krberror
  - messages
  - pac
  - types
- name: gopkg.in/jcmturner/rpc.v1
  version: 99a8ce2fbf8b8087b6ed12a37c61b10f04070043
  subpackages:
  - mstypes
  - ndr
testImports:
- name: github.com/pmezard/go-difflib
  version: 5d4384ee4fb2527b0a1256a821ebfc92f91efefc
  subpackages:
  - difflib
- name: github.com/stretchr/testify
  version: 221dbe5ed46703ee255b1da0dec05086f5035f62
  subpackages:
  - assert
- name: gopkg.in/yaml.v2
  version: 51d6538a90f86fe93ac480b35f37b2be17fef232
